
Microsoft Visual Studio Solution File, Format Version 12.00
# Visual Studio Version 17
VisualStudioVersion = 17.11.35312.102
MinimumVisualStudioVersion = 10.0.40219.1
Project("{8BC9CEB8-8B4A-11D0-8D11-00A0C91BC942}") = "MT4", "MT4.vcxproj", "{BC421214-C28D-44DA-992D-DC43FE8BB69A}"
EndProject
Global
	GlobalSection(SolutionConfigurationPlatforms) = preSolution
		Debug|x64 = Debug|x64
		Release|x64 = Release|x64
	EndGlobalSection
	GlobalSection(ProjectConfigurationPlatforms) = postSolution
		{BC421214-C28D-44DA-992D-DC43FE8BB69A}.Debug|x64.ActiveCfg = Debug|x64
		{BC421214-C28D-44DA-992D-DC43FE8BB69A}.Debug|x64.Build.0 = Debug|x64
		{BC421214-C28D-44DA-992D-DC43FE8BB69A}.Release|x64.ActiveCfg = Release|x64
		{BC421214-C28D-44DA-992D-DC43FE8BB69A}.Release|x64.Build.0 = Release|x64
	EndGlobalSection
	GlobalSection(SolutionProperties) = preSolution
		HideSolutionNode = FALSE
	EndGlobalSection
	GlobalSection(ExtensibilityGlobals) = postSolution
		SolutionGuid = {2404BFAF-BDAF-480B-BE03-BA2D0789F6CD}
	EndGlobalSection
EndGlobal
